# This file was autogenerated by Stack.
# You should not edit this file by hand.
# For more information, please see the documentation at:
#   https://docs.haskellstack.org/en/stable/lock_files

packages:
- completed:
    size: 8931
    url: https://github.com/ejconlon/heart-core/archive/d4287e65392ac498f750450275a755dc80d7427d.tar.gz
    cabal-file:
      size: 2074
      sha256: b01c60a360018841c92c624cfbaee605fc08ffc1435c89ff130eeab08a4a808a
    name: heart-core
    version: 0.1.0
    sha256: ebdccc934ee4dd4c41379b7b77d72dc926450897549c4bc104b620ee1a063b4f
    pantry-tree:
      size: 1291
      sha256: 27784034791b11e2327c05022733e0d79f13e07fe120635d06568280a4027bf6
  original:
    url: https://github.com/ejconlon/heart-core/archive/d4287e65392ac498f750450275a755dc80d7427d.tar.gz
snapshots:
- completed:
    size: 524155
    url: https://raw.githubusercontent.com/commercialhaskell/stackage-snapshots/master/lts/14/19.yaml
    sha256: 9f79f6494473c9b46911364b94c4b5ef19ca8d35ebf62e46697cf651f198ee19
  original: lts-14.19
