# This file was autogenerated by Stack.
# You should not edit this file by hand.
# For more information, please see the documentation at:
#   https://docs.haskellstack.org/en/stable/lock_files

packages:
- completed:
    size: 9017
    url: https://github.com/ejconlon/heart-core/archive/a25b3bc4260e867361903264744fd81420c7dad4.tar.gz
    cabal-file:
      size: 2074
      sha256: b01c60a360018841c92c624cfbaee605fc08ffc1435c89ff130eeab08a4a808a
    name: heart-core
    version: 0.1.0
    sha256: cc60a1822ee8bffd7663f290c82674f728fbae15aa4f2453a999c04bf1cb416e
    pantry-tree:
      size: 1342
      sha256: 32ca2eca61c7af8c1936a5d2154eb060f5451c33d3aa7c36eb038afca40c80a2
  original:
    url: https://github.com/ejconlon/heart-core/archive/a25b3bc4260e867361903264744fd81420c7dad4.tar.gz
snapshots:
- completed:
    size: 524154
    url: https://raw.githubusercontent.com/commercialhaskell/stackage-snapshots/master/lts/14/20.yaml
    sha256: 2f5099f69ddb6abfe64400fe1e6a604e8e628f55e6837211cd70a81eb0a8fa4d
  original: lts-14.20
